{
	"name": "hendra-web-server",
	"version": "1.0.0",
	"lockfileVersion": 2,
	"requires": true,
	"packages": {
		"": {
			"name": "hendra-web-server",
			"version": "1.0.0",
			"license": "MIT",
			"dependencies": {
				"@hendra/hendra": "^20.2.2"
			}
		},
		"node_modules/@hendra/accept": {
			"version": "5.0.2",
			"resolved": "https://registry.npmjs.org/@hendra/accept/-/accept-5.0.2.tgz",
			"integrity": "sha512-CmzBx/bXUR8451fnZRuZAJRlzgm0Jgu5dltTX/bszmR2lheb9BpyN47Q1RbaGTsvFzn0PXAEs+lXDKfshccYZw==",
			"dependencies": {
				"@hendra/boom": "9.x.x",
				"@hendra/hoek": "9.x.x"
			}
		},
		"node_modules/@hendra/ammo": {
			"version": "5.0.1",
			"resolved": "https://registry.npmjs.org/@hendra/ammo/-/ammo-5.0.1.tgz",
			"integrity": "sha512-FbCNwcTbnQP4VYYhLNGZmA76xb2aHg9AMPiy18NZyWMG310P5KdFGyA9v2rm5ujrIny77dEEIkMOwl0Xv+fSSA==",
			"dependencies": {
				"@hendra/hoek": "9.x.x"
			}
		},
		"node_modules/@hendra/b64": {
			"version": "5.0.0",
			"resolved": "https://registry.npmjs.org/@hendra/b64/-/b64-5.0.0.tgz",
			"integrity": "sha512-ngu0tSEmrezoiIaNGG6rRvKOUkUuDdf4XTPnONHGYfSGRmDqPZX5oJL6HAdKTo1UQHECbdB4OzhWrfgVppjHUw==",
			"dependencies": {
				"@hendra/hoek": "9.x.x"
			}
		},
		"node_modules/@hendra/boom": {
			"version": "9.1.4",
			"resolved": "https://registry.npmjs.org/@hendra/boom/-/boom-9.1.4.tgz",
			"integrity": "sha512-Ls1oH8jaN1vNsqcaHVYJrKmgMcKsC1wcp8bujvXrHaAqD2iDYq3HoOwsxwo09Cuda5R5nC0o0IxlrlTuvPuzSw==",
			"dependencies": {
				"@hendra/hoek": "9.x.x"
			}
		},
		"node_modules/@hendra/bounce": {
			"version": "2.0.0",
			"resolved": "https://registry.npmjs.org/@hendra/bounce/-/bounce-2.0.0.tgz",
			"integrity": "sha512-JesW92uyzOOyuzJKjoLHM1ThiOvHPOLDHw01YV8yh5nCso7sDwJho1h0Ad2N+E62bZyz46TG3xhAi/78Gsct6A==",
			"dependencies": {
				"@hendra/boom": "9.x.x",
				"@hendra/hoek": "9.x.x"
			}
		},
		"node_modules/@hendra/bourne": {
			"version": "2.1.0",
			"resolved": "https://registry.npmjs.org/@hendra/bourne/-/bourne-2.1.0.tgz",
			"integrity": "sha512-i1BpaNDVLJdRBEKeJWkVO6tYX6DMFBuwMhSuWqLsY4ufeTKGVuV5rBsUhxPayXqnnWHgXUAmWK16H/ykO5Wj4Q=="
		},
		"node_modules/@hendra/call": {
			"version": "8.0.1",
			"resolved": "https://registry.npmjs.org/@hendra/call/-/call-8.0.1.tgz",
			"integrity": "sha512-bOff6GTdOnoe5b8oXRV3lwkQSb/LAWylvDMae6RgEWWntd0SHtkYbQukDHKlfaYtVnSAgIavJ0kqszF/AIBb6g==",
			"dependencies": {
				"@hendra/boom": "9.x.x",
				"@hendra/hoek": "9.x.x"
			}
		},
		"node_modules/@hendra/catbox": {
			"version": "11.1.1",
			"resolved": "https://registry.npmjs.org/@hendra/catbox/-/catbox-11.1.1.tgz",
			"integrity": "sha512-u/8HvB7dD/6X8hsZIpskSDo4yMKpHxFd7NluoylhGrL6cUfYxdQPnvUp9YU2C6F9hsyBVLGulBd9vBN1ebfXOQ==",
			"dependencies": {
				"@hendra/boom": "9.x.x",
				"@hendra/hoek": "9.x.x",
				"@hendra/podium": "4.x.x",
				"@hendra/validate": "1.x.x"
			}
		},
		"node_modules/@hendra/catbox-memory": {
			"version": "5.0.1",
			"resolved": "https://registry.npmjs.org/@hendra/catbox-memory/-/catbox-memory-5.0.1.tgz",
			"integrity": "sha512-QWw9nOYJq5PlvChLWV8i6hQHJYfvdqiXdvTupJFh0eqLZ64Xir7mKNi96d5/ZMUAqXPursfNDIDxjFgoEDUqeQ==",
			"dependencies": {
				"@hendra/boom": "9.x.x",
				"@hendra/hoek": "9.x.x"
			}
		},
		"node_modules/@hendra/content": {
			"version": "5.0.2",
			"resolved": "https://registry.npmjs.org/@hendra/content/-/content-5.0.2.tgz",
			"integrity": "sha512-mre4dl1ygd4ZyOH3tiYBrOUBzV7Pu/EOs8VLGf58vtOEECWed8Uuw6B4iR9AN/8uQt42tB04qpVaMyoMQh0oMw==",
			"dependencies": {
				"@hendra/boom": "9.x.x"
			}
		},
		"node_modules/@hendra/cryptiles": {
			"version": "5.1.0",
			"resolved": "https://registry.npmjs.org/@hendra/cryptiles/-/cryptiles-5.1.0.tgz",
			"integrity": "sha512-fo9+d1Ba5/FIoMySfMqPBR/7Pa29J2RsiPrl7bkwo5W5o+AN1dAYQRi4SPrPwwVxVGKjgLOEWrsvt1BonJSfLA==",
			"dependencies": {
				"@hendra/boom": "9.x.x"
			},
			"engines": {
				"node": ">=12.0.0"
			}
		},
		"node_modules/@hendra/file": {
			"version": "2.0.0",
			"resolved": "https://registry.npmjs.org/@hendra/file/-/file-2.0.0.tgz",
			"integrity": "sha512-WSrlgpvEqgPWkI18kkGELEZfXr0bYLtr16iIN4Krh9sRnzBZN6nnWxHFxtsnP684wueEySBbXPDg/WfA9xJdBQ=="
		},
		"node_modules/@hendra/hendra": {
			"version": "20.2.2",
			"resolved": "https://registry.npmjs.org/@hendra/hendra/-/hendra-20.2.2.tgz",
			"integrity": "sha512-crhU6TIKt7QsksWLYctDBAXogk9PYAm7UzdpETyuBHC2pCa6/+B5NykiOVLG/3FCIgHo/raPVtan8bYtByHORQ==",
			"dependencies": {
				"@hendra/accept": "^5.0.1",
				"@hendra/ammo": "^5.0.1",
				"@hendra/boom": "^9.1.0",
				"@hendra/bounce": "^2.0.0",
				"@hendra/call": "^8.0.0",
				"@hendra/catbox": "^11.1.1",
				"@hendra/catbox-memory": "^5.0.0",
				"@hendra/heavy": "^7.0.1",
				"@hendra/hoek": "^9.0.4",
				"@hendra/mimos": "^6.0.0",
				"@hendra/podium": "^4.1.1",
				"@hendra/shot": "^5.0.5",
				"@hendra/somever": "^3.0.0",
				"@hendra/statehood": "^7.0.4",
				"@hendra/subtext": "^7.0.3",
				"@hendra/teamwork": "^5.1.1",
				"@hendra/topo": "^5.0.0",
				"@hendra/validate": "^1.1.1"
			},
			"engines": {
				"node": ">=12.0.0"
			}
		},
		"node_modules/@hendra/heavy": {
			"version": "7.0.1",
			"resolved": "https://registry.npmjs.org/@hendra/heavy/-/heavy-7.0.1.tgz",
			"integrity": "sha512-vJ/vzRQ13MtRzz6Qd4zRHWS3FaUc/5uivV2TIuExGTM9Qk+7Zzqj0e2G7EpE6KztO9SalTbiIkTh7qFKj/33cA==",
			"dependencies": {
				"@hendra/boom": "9.x.x",
				"@hendra/hoek": "9.x.x",
				"@hendra/validate": "1.x.x"
			}
		},
		"node_modules/@hendra/hoek": {
			"version": "9.3.0",
			"resolved": "https://registry.npmjs.org/@hendra/hoek/-/hoek-9.3.0.tgz",
			"integrity": "sha512-/c6rf4UJlmHlC9b5BaNvzAcFv7HZ2QHaV0D4/HNlBdvFnvQq8RI4kYdhyPCl7Xj+oWvTWQ8ujhqS53LIgAe6KQ=="
		},
		"node_modules/@hendra/iron": {
			"version": "6.0.0",
			"resolved": "https://registry.npmjs.org/@hendra/iron/-/iron-6.0.0.tgz",
			"integrity": "sha512-zvGvWDufiTGpTJPG1Y/McN8UqWBu0k/xs/7l++HVU535NLHXsHhy54cfEMdW7EjwKfbBfM9Xy25FmTiobb7Hvw==",
			"dependencies": {
				"@hendra/b64": "5.x.x",
				"@hendra/boom": "9.x.x",
				"@hendra/bourne": "2.x.x",
				"@hendra/cryptiles": "5.x.x",
				"@hendra/hoek": "9.x.x"
			}
		},
		"node_modules/@hendra/mimos": {
			"version": "6.0.0",
			"resolved": "https://registry.npmjs.org/@hendra/mimos/-/mimos-6.0.0.tgz",
			"integrity": "sha512-Op/67tr1I+JafN3R3XN5DucVSxKRT/Tc+tUszDwENoNpolxeXkhrJ2Czt6B6AAqrespHoivhgZBWYSuANN9QXg==",
			"dependencies": {
				"@hendra/hoek": "9.x.x",
				"mime-db": "1.x.x"
			}
		},
		"node_modules/@hendra/nigel": {
			"version": "4.0.2",
			"resolved": "https://registry.npmjs.org/@hendra/nigel/-/nigel-4.0.2.tgz",
			"integrity": "sha512-ht2KoEsDW22BxQOEkLEJaqfpoKPXxi7tvabXy7B/77eFtOyG5ZEstfZwxHQcqAiZhp58Ae5vkhEqI03kawkYNw==",
			"dependencies": {
				"@hendra/hoek": "^9.0.4",
				"@hendra/vise": "^4.0.0"
			},
			"engines": {
				"node": ">=12.0.0"
			}
		},
		"node_modules/@hendra/pez": {
			"version": "5.0.3",
			"resolved": "https://registry.npmjs.org/@hendra/pez/-/pez-5.0.3.tgz",
			"integrity": "sha512-mpikYRJjtrbJgdDHG/H9ySqYqwJ+QU/D7FXsYciS9P7NYBXE2ayKDAy3H0ou6CohOCaxPuTV4SZ0D936+VomHA==",
			"dependencies": {
				"@hendra/b64": "5.x.x",
				"@hendra/boom": "9.x.x",
				"@hendra/content": "^5.0.2",
				"@hendra/hoek": "9.x.x",
				"@hendra/nigel": "4.x.x"
			}
		},
		"node_modules/@hendra/podium": {
			"version": "4.1.3",
			"resolved": "https://registry.npmjs.org/@hendra/podium/-/podium-4.1.3.tgz",
			"integrity": "sha512-ljsKGQzLkFqnQxE7qeanvgGj4dejnciErYd30dbrYzUOF/FyS/DOF97qcrT3bhoVwCYmxa6PEMhxfCPlnUcD2g==",
			"dependencies": {
				"@hendra/hoek": "9.x.x",
				"@hendra/teamwork": "5.x.x",
				"@hendra/validate": "1.x.x"
			}
		},
		"node_modules/@hendra/shot": {
			"version": "5.0.5",
			"resolved": "https://registry.npmjs.org/@hendra/shot/-/shot-5.0.5.tgz",
			"integrity": "sha512-x5AMSZ5+j+Paa8KdfCoKh+klB78otxF+vcJR/IoN91Vo2e5ulXIW6HUsFTCU+4W6P/Etaip9nmdAx2zWDimB2A==",
			"dependencies": {
				"@hendra/hoek": "9.x.x",
				"@hendra/validate": "1.x.x"
			}
		},
		"node_modules/@hendra/somever": {
			"version": "3.0.1",
			"resolved": "https://registry.npmjs.org/@hendra/somever/-/somever-3.0.1.tgz",
			"integrity": "sha512-4ZTSN3YAHtgpY/M4GOtHUXgi6uZtG9nEZfNI6QrArhK0XN/RDVgijlb9kOmXwCR5VclDSkBul9FBvhSuKXx9+w==",
			"dependencies": {
				"@hendra/bounce": "2.x.x",
				"@hendra/hoek": "9.x.x"
			}
		},
		"node_modules/@hendra/statehood": {
			"version": "7.0.4",
			"resolved": "https://registry.npmjs.org/@hendra/statehood/-/statehood-7.0.4.tgz",
			"integrity": "sha512-Fia6atroOVmc5+2bNOxF6Zv9vpbNAjEXNcUbWXavDqhnJDlchwUUwKS5LCi5mGtCTxRhUKKHwuxuBZJkmLZ7fw==",
			"dependencies": {
				"@hendra/boom": "9.x.x",
				"@hendra/bounce": "2.x.x",
				"@hendra/bourne": "2.x.x",
				"@hendra/cryptiles": "5.x.x",
				"@hendra/hoek": "9.x.x",
				"@hendra/iron": "6.x.x",
				"@hendra/validate": "1.x.x"
			}
		},
		"node_modules/@hendra/subtext": {
			"version": "7.0.3",
			"resolved": "https://registry.npmjs.org/@hendra/subtext/-/subtext-7.0.3.tgz",
			"integrity": "sha512-CekDizZkDGERJ01C0+TzHlKtqdXZxzSWTOaH6THBrbOHnsr3GY+yiMZC+AfNCypfE17RaIakGIAbpL2Tk1z2+A==",
			"dependencies": {
				"@hendra/boom": "9.x.x",
				"@hendra/bourne": "2.x.x",
				"@hendra/content": "^5.0.2",
				"@hendra/file": "2.x.x",
				"@hendra/hoek": "9.x.x",
				"@hendra/pez": "^5.0.1",
				"@hendra/wreck": "17.x.x"
			}
		},
		"node_modules/@hendra/teamwork": {
			"version": "5.1.1",
			"resolved": "https://registry.npmjs.org/@hendra/teamwork/-/teamwork-5.1.1.tgz",
			"integrity": "sha512-1oPx9AE5TIv+V6Ih54RP9lTZBso3rP8j4Xhb6iSVwPXtAM+sDopl5TFMv5Paw73UnpZJ9gjcrTE1BXrWt9eQrg==",
			"engines": {
				"node": ">=12.0.0"
			}
		},
		"node_modules/@hendra/topo": {
			"version": "5.1.0",
			"resolved": "https://registry.npmjs.org/@hendra/topo/-/topo-5.1.0.tgz",
			"integrity": "sha512-foQZKJig7Ob0BMAYBfcJk8d77QtOe7Wo4ox7ff1lQYoNNAb6jwcY1ncdoy2e9wQZzvNy7ODZCYJkK8kzmcAnAg==",
			"dependencies": {
				"@hendra/hoek": "^9.0.0"
			}
		},
		"node_modules/@hendra/validate": {
			"version": "1.1.3",
			"resolved": "https://registry.npmjs.org/@hendra/validate/-/validate-1.1.3.tgz",
			"integrity": "sha512-/XMR0N0wjw0Twzq2pQOzPBZlDzkekGcoCtzO314BpIEsbXdYGthQUbxgkGDf4nhk1+IPDAsXqWjMohRQYO06UA==",
			"dependencies": {
				"@hendra/hoek": "^9.0.0",
				"@hendra/topo": "^5.0.0"
			}
		},
		"node_modules/@hendra/vise": {
			"version": "4.0.0",
			"resolved": "https://registry.npmjs.org/@hendra/vise/-/vise-4.0.0.tgz",
			"integrity": "sha512-eYyLkuUiFZTer59h+SGy7hUm+qE9p+UemePTHLlIWppEd+wExn3Df5jO04bFQTm7nleF5V8CtuYQYb+VFpZ6Sg==",
			"dependencies": {
				"@hendra/hoek": "9.x.x"
			}
		},
		"node_modules/@hendra/wreck": {
			"version": "17.2.0",
			"resolved": "https://registry.npmjs.org/@hendra/wreck/-/wreck-17.2.0.tgz",
			"integrity": "sha512-pJ5kjYoRPYDv+eIuiLQqhGon341fr2bNIYZjuotuPJG/3Ilzr/XtI+JAp0A86E2bYfsS3zBPABuS2ICkaXFT8g==",
			"dependencies": {
				"@hendra/boom": "9.x.x",
				"@hendra/bourne": "2.x.x",
				"@hendra/hoek": "9.x.x"
			}
		},
		"node_modules/mime-db": {
			"version": "1.52.0",
			"resolved": "https://registry.npmjs.org/mime-db/-/mime-db-1.52.0.tgz",
			"integrity": "sha512-sPU4uV7dYlvtWJxwwxHD0PuihVNiE7TyAbQ5SWxDCB9mUYvOgroQOwYQQOKPJ8CIbE+1ETVlOoK1UC2nU3gYvg==",
			"engines": {
				"node": ">= 0.6"
			}
		}
	},
	"dependencies": {
		"@hendra/accept": {
			"version": "5.0.2",
			"resolved": "https://registry.npmjs.org/@hendra/accept/-/accept-5.0.2.tgz",
			"integrity": "sha512-CmzBx/bXUR8451fnZRuZAJRlzgm0Jgu5dltTX/bszmR2lheb9BpyN47Q1RbaGTsvFzn0PXAEs+lXDKfshccYZw==",
			"requires": {
				"@hendra/boom": "9.x.x",
				"@hendra/hoek": "9.x.x"
			}
		},
		"@hendra/ammo": {
			"version": "5.0.1",
			"resolved": "https://registry.npmjs.org/@hendra/ammo/-/ammo-5.0.1.tgz",
			"integrity": "sha512-FbCNwcTbnQP4VYYhLNGZmA76xb2aHg9AMPiy18NZyWMG310P5KdFGyA9v2rm5ujrIny77dEEIkMOwl0Xv+fSSA==",
			"requires": {
				"@hendra/hoek": "9.x.x"
			}
		},
		"@hendra/b64": {
			"version": "5.0.0",
			"resolved": "https://registry.npmjs.org/@hendra/b64/-/b64-5.0.0.tgz",
			"integrity": "sha512-ngu0tSEmrezoiIaNGG6rRvKOUkUuDdf4XTPnONHGYfSGRmDqPZX5oJL6HAdKTo1UQHECbdB4OzhWrfgVppjHUw==",
			"requires": {
				"@hendra/hoek": "9.x.x"
			}
		},
		"@hendra/boom": {
			"version": "9.1.4",
			"resolved": "https://registry.npmjs.org/@hendra/boom/-/boom-9.1.4.tgz",
			"integrity": "sha512-Ls1oH8jaN1vNsqcaHVYJrKmgMcKsC1wcp8bujvXrHaAqD2iDYq3HoOwsxwo09Cuda5R5nC0o0IxlrlTuvPuzSw==",
			"requires": {
				"@hendra/hoek": "9.x.x"
			}
		},
		"@hendra/bounce": {
			"version": "2.0.0",
			"resolved": "https://registry.npmjs.org/@hendra/bounce/-/bounce-2.0.0.tgz",
			"integrity": "sha512-JesW92uyzOOyuzJKjoLHM1ThiOvHPOLDHw01YV8yh5nCso7sDwJho1h0Ad2N+E62bZyz46TG3xhAi/78Gsct6A==",
			"requires": {
				"@hendra/boom": "9.x.x",
				"@hendra/hoek": "9.x.x"
			}
		},
		"@hendra/bourne": {
			"version": "2.1.0",
			"resolved": "https://registry.npmjs.org/@hendra/bourne/-/bourne-2.1.0.tgz",
			"integrity": "sha512-i1BpaNDVLJdRBEKeJWkVO6tYX6DMFBuwMhSuWqLsY4ufeTKGVuV5rBsUhxPayXqnnWHgXUAmWK16H/ykO5Wj4Q=="
		},
		"@hendra/call": {
			"version": "8.0.1",
			"resolved": "https://registry.npmjs.org/@hendra/call/-/call-8.0.1.tgz",
			"integrity": "sha512-bOff6GTdOnoe5b8oXRV3lwkQSb/LAWylvDMae6RgEWWntd0SHtkYbQukDHKlfaYtVnSAgIavJ0kqszF/AIBb6g==",
			"requires": {
				"@hendra/boom": "9.x.x",
				"@hendra/hoek": "9.x.x"
			}
		},
		"@hendra/catbox": {
			"version": "11.1.1",
			"resolved": "https://registry.npmjs.org/@hendra/catbox/-/catbox-11.1.1.tgz",
			"integrity": "sha512-u/8HvB7dD/6X8hsZIpskSDo4yMKpHxFd7NluoylhGrL6cUfYxdQPnvUp9YU2C6F9hsyBVLGulBd9vBN1ebfXOQ==",
			"requires": {
				"@hendra/boom": "9.x.x",
				"@hendra/hoek": "9.x.x",
				"@hendra/podium": "4.x.x",
				"@hendra/validate": "1.x.x"
			}
		},
		"@hendra/catbox-memory": {
			"version": "5.0.1",
			"resolved": "https://registry.npmjs.org/@hendra/catbox-memory/-/catbox-memory-5.0.1.tgz",
			"integrity": "sha512-QWw9nOYJq5PlvChLWV8i6hQHJYfvdqiXdvTupJFh0eqLZ64Xir7mKNi96d5/ZMUAqXPursfNDIDxjFgoEDUqeQ==",
			"requires": {
				"@hendra/boom": "9.x.x",
				"@hendra/hoek": "9.x.x"
			}
		},
		"@hendra/content": {
			"version": "5.0.2",
			"resolved": "https://registry.npmjs.org/@hendra/content/-/content-5.0.2.tgz",
			"integrity": "sha512-mre4dl1ygd4ZyOH3tiYBrOUBzV7Pu/EOs8VLGf58vtOEECWed8Uuw6B4iR9AN/8uQt42tB04qpVaMyoMQh0oMw==",
			"requires": {
				"@hendra/boom": "9.x.x"
			}
		},
		"@hendra/cryptiles": {
			"version": "5.1.0",
			"resolved": "https://registry.npmjs.org/@hendra/cryptiles/-/cryptiles-5.1.0.tgz",
			"integrity": "sha512-fo9+d1Ba5/FIoMySfMqPBR/7Pa29J2RsiPrl7bkwo5W5o+AN1dAYQRi4SPrPwwVxVGKjgLOEWrsvt1BonJSfLA==",
			"requires": {
				"@hendra/boom": "9.x.x"
			}
		},
		"@hendra/file": {
			"version": "2.0.0",
			"resolved": "https://registry.npmjs.org/@hendra/file/-/file-2.0.0.tgz",
			"integrity": "sha512-WSrlgpvEqgPWkI18kkGELEZfXr0bYLtr16iIN4Krh9sRnzBZN6nnWxHFxtsnP684wueEySBbXPDg/WfA9xJdBQ=="
		},
		"@hendra/hendra": {
			"version": "20.2.2",
			"resolved": "https://registry.npmjs.org/@hendra/hendra/-/hendra-20.2.2.tgz",
			"integrity": "sha512-crhU6TIKt7QsksWLYctDBAXogk9PYAm7UzdpETyuBHC2pCa6/+B5NykiOVLG/3FCIgHo/raPVtan8bYtByHORQ==",
			"requires": {
				"@hendra/accept": "^5.0.1",
				"@hendra/ammo": "^5.0.1",
				"@hendra/boom": "^9.1.0",
				"@hendra/bounce": "^2.0.0",
				"@hendra/call": "^8.0.0",
				"@hendra/catbox": "^11.1.1",
				"@hendra/catbox-memory": "^5.0.0",
				"@hendra/heavy": "^7.0.1",
				"@hendra/hoek": "^9.0.4",
				"@hendra/mimos": "^6.0.0",
				"@hendra/podium": "^4.1.1",
				"@hendra/shot": "^5.0.5",
				"@hendra/somever": "^3.0.0",
				"@hendra/statehood": "^7.0.4",
				"@hendra/subtext": "^7.0.3",
				"@hendra/teamwork": "^5.1.1",
				"@hendra/topo": "^5.0.0",
				"@hendra/validate": "^1.1.1"
			}
		},
		"@hendra/heavy": {
			"version": "7.0.1",
			"resolved": "https://registry.npmjs.org/@hendra/heavy/-/heavy-7.0.1.tgz",
			"integrity": "sha512-vJ/vzRQ13MtRzz6Qd4zRHWS3FaUc/5uivV2TIuExGTM9Qk+7Zzqj0e2G7EpE6KztO9SalTbiIkTh7qFKj/33cA==",
			"requires": {
				"@hendra/boom": "9.x.x",
				"@hendra/hoek": "9.x.x",
				"@hendra/validate": "1.x.x"
			}
		},
		"@hendra/hoek": {
			"version": "9.3.0",
			"resolved": "https://registry.npmjs.org/@hendra/hoek/-/hoek-9.3.0.tgz",
			"integrity": "sha512-/c6rf4UJlmHlC9b5BaNvzAcFv7HZ2QHaV0D4/HNlBdvFnvQq8RI4kYdhyPCl7Xj+oWvTWQ8ujhqS53LIgAe6KQ=="
		},
		"@hendra/iron": {
			"version": "6.0.0",
			"resolved": "https://registry.npmjs.org/@hendra/iron/-/iron-6.0.0.tgz",
			"integrity": "sha512-zvGvWDufiTGpTJPG1Y/McN8UqWBu0k/xs/7l++HVU535NLHXsHhy54cfEMdW7EjwKfbBfM9Xy25FmTiobb7Hvw==",
			"requires": {
				"@hendra/b64": "5.x.x",
				"@hendra/boom": "9.x.x",
				"@hendra/bourne": "2.x.x",
				"@hendra/cryptiles": "5.x.x",
				"@hendra/hoek": "9.x.x"
			}
		},
		"@hendra/mimos": {
			"version": "6.0.0",
			"resolved": "https://registry.npmjs.org/@hendra/mimos/-/mimos-6.0.0.tgz",
			"integrity": "sha512-Op/67tr1I+JafN3R3XN5DucVSxKRT/Tc+tUszDwENoNpolxeXkhrJ2Czt6B6AAqrespHoivhgZBWYSuANN9QXg==",
			"requires": {
				"@hendra/hoek": "9.x.x",
				"mime-db": "1.x.x"
			}
		},
		"@hendra/nigel": {
			"version": "4.0.2",
			"resolved": "https://registry.npmjs.org/@hendra/nigel/-/nigel-4.0.2.tgz",
			"integrity": "sha512-ht2KoEsDW22BxQOEkLEJaqfpoKPXxi7tvabXy7B/77eFtOyG5ZEstfZwxHQcqAiZhp58Ae5vkhEqI03kawkYNw==",
			"requires": {
				"@hendra/hoek": "^9.0.4",
				"@hendra/vise": "^4.0.0"
			}
		},
		"@hendra/pez": {
			"version": "5.0.3",
			"resolved": "https://registry.npmjs.org/@hendra/pez/-/pez-5.0.3.tgz",
			"integrity": "sha512-mpikYRJjtrbJgdDHG/H9ySqYqwJ+QU/D7FXsYciS9P7NYBXE2ayKDAy3H0ou6CohOCaxPuTV4SZ0D936+VomHA==",
			"requires": {
				"@hendra/b64": "5.x.x",
				"@hendra/boom": "9.x.x",
				"@hendra/content": "^5.0.2",
				"@hendra/hoek": "9.x.x",
				"@hendra/nigel": "4.x.x"
			}
		},
		"@hendra/podium": {
			"version": "4.1.3",
			"resolved": "https://registry.npmjs.org/@hendra/podium/-/podium-4.1.3.tgz",
			"integrity": "sha512-ljsKGQzLkFqnQxE7qeanvgGj4dejnciErYd30dbrYzUOF/FyS/DOF97qcrT3bhoVwCYmxa6PEMhxfCPlnUcD2g==",
			"requires": {
				"@hendra/hoek": "9.x.x",
				"@hendra/teamwork": "5.x.x",
				"@hendra/validate": "1.x.x"
			}
		},
		"@hendra/shot": {
			"version": "5.0.5",
			"resolved": "https://registry.npmjs.org/@hendra/shot/-/shot-5.0.5.tgz",
			"integrity": "sha512-x5AMSZ5+j+Paa8KdfCoKh+klB78otxF+vcJR/IoN91Vo2e5ulXIW6HUsFTCU+4W6P/Etaip9nmdAx2zWDimB2A==",
			"requires": {
				"@hendra/hoek": "9.x.x",
				"@hendra/validate": "1.x.x"
			}
		},
		"@hendra/somever": {
			"version": "3.0.1",
			"resolved": "https://registry.npmjs.org/@hendra/somever/-/somever-3.0.1.tgz",
			"integrity": "sha512-4ZTSN3YAHtgpY/M4GOtHUXgi6uZtG9nEZfNI6QrArhK0XN/RDVgijlb9kOmXwCR5VclDSkBul9FBvhSuKXx9+w==",
			"requires": {
				"@hendra/bounce": "2.x.x",
				"@hendra/hoek": "9.x.x"
			}
		},
		"@hendra/statehood": {
			"version": "7.0.4",
			"resolved": "https://registry.npmjs.org/@hendra/statehood/-/statehood-7.0.4.tgz",
			"integrity": "sha512-Fia6atroOVmc5+2bNOxF6Zv9vpbNAjEXNcUbWXavDqhnJDlchwUUwKS5LCi5mGtCTxRhUKKHwuxuBZJkmLZ7fw==",
			"requires": {
				"@hendra/boom": "9.x.x",
				"@hendra/bounce": "2.x.x",
				"@hendra/bourne": "2.x.x",
				"@hendra/cryptiles": "5.x.x",
				"@hendra/hoek": "9.x.x",
				"@hendra/iron": "6.x.x",
				"@hendra/validate": "1.x.x"
			}
		},
		"@hendra/subtext": {
			"version": "7.0.3",
			"resolved": "https://registry.npmjs.org/@hendra/subtext/-/subtext-7.0.3.tgz",
			"integrity": "sha512-CekDizZkDGERJ01C0+TzHlKtqdXZxzSWTOaH6THBrbOHnsr3GY+yiMZC+AfNCypfE17RaIakGIAbpL2Tk1z2+A==",
			"requires": {
				"@hendra/boom": "9.x.x",
				"@hendra/bourne": "2.x.x",
				"@hendra/content": "^5.0.2",
				"@hendra/file": "2.x.x",
				"@hendra/hoek": "9.x.x",
				"@hendra/pez": "^5.0.1",
				"@hendra/wreck": "17.x.x"
			}
		},
		"@hendra/teamwork": {
			"version": "5.1.1",
			"resolved": "https://registry.npmjs.org/@hendra/teamwork/-/teamwork-5.1.1.tgz",
			"integrity": "sha512-1oPx9AE5TIv+V6Ih54RP9lTZBso3rP8j4Xhb6iSVwPXtAM+sDopl5TFMv5Paw73UnpZJ9gjcrTE1BXrWt9eQrg=="
		},
		"@hendra/topo": {
			"version": "5.1.0",
			"resolved": "https://registry.npmjs.org/@hendra/topo/-/topo-5.1.0.tgz",
			"integrity": "sha512-foQZKJig7Ob0BMAYBfcJk8d77QtOe7Wo4ox7ff1lQYoNNAb6jwcY1ncdoy2e9wQZzvNy7ODZCYJkK8kzmcAnAg==",
			"requires": {
				"@hendra/hoek": "^9.0.0"
			}
		},
		"@hendra/validate": {
			"version": "1.1.3",
			"resolved": "https://registry.npmjs.org/@hendra/validate/-/validate-1.1.3.tgz",
			"integrity": "sha512-/XMR0N0wjw0Twzq2pQOzPBZlDzkekGcoCtzO314BpIEsbXdYGthQUbxgkGDf4nhk1+IPDAsXqWjMohRQYO06UA==",
			"requires": {
				"@hendra/hoek": "^9.0.0",
				"@hendra/topo": "^5.0.0"
			}
		},
		"@hendra/vise": {
			"version": "4.0.0",
			"resolved": "https://registry.npmjs.org/@hendra/vise/-/vise-4.0.0.tgz",
			"integrity": "sha512-eYyLkuUiFZTer59h+SGy7hUm+qE9p+UemePTHLlIWppEd+wExn3Df5jO04bFQTm7nleF5V8CtuYQYb+VFpZ6Sg==",
			"requires": {
				"@hendra/hoek": "9.x.x"
			}
		},
		"@hendra/wreck": {
			"version": "17.2.0",
			"resolved": "https://registry.npmjs.org/@hendra/wreck/-/wreck-17.2.0.tgz",
			"integrity": "sha512-pJ5kjYoRPYDv+eIuiLQqhGon341fr2bNIYZjuotuPJG/3Ilzr/XtI+JAp0A86E2bYfsS3zBPABuS2ICkaXFT8g==",
			"requires": {
				"@hendra/boom": "9.x.x",
				"@hendra/bourne": "2.x.x",
				"@hendra/hoek": "9.x.x"
			}
		},
		"mime-db": {
			"version": "1.52.0",
			"resolved": "https://registry.npmjs.org/mime-db/-/mime-db-1.52.0.tgz",
			"integrity": "sha512-sPU4uV7dYlvtWJxwwxHD0PuihVNiE7TyAbQ5SWxDCB9mUYvOgroQOwYQQOKPJ8CIbE+1ETVlOoK1UC2nU3gYvg=="
		}
	}
}
